
Microsoft Visual Studio Solution File, Format Version 12.00
# Visual Studio Version 16
VisualStudioVersion = 16.0.31229.75
MinimumVisualStudioVersion = 10.0.40219.1
Project("{FAE04EC0-301F-11D3-BF4B-00C04F79EFBC}") = "Silla2D", "Silla2D\Silla2D.csproj", "{A306F116-001A-4F5D-B655-8B4D7422B44E}"
EndProject
Global
	GlobalSection(SolutionConfigurationPlatforms) = preSolution
		Debug|Any CPU = Debug|Any CPU
		Release|Any CPU = Release|Any CPU
	EndGlobalSection
	GlobalSection(ProjectConfigurationPlatforms) = postSolution
		{A306F116-001A-4F5D-B655-8B4D7422B44E}.Debug|Any CPU.ActiveCfg = Debug|Any CPU
		{A306F116-001A-4F5D-B655-8B4D7422B44E}.Debug|Any CPU.Build.0 = Debug|Any CPU
		{A306F116-001A-4F5D-B655-8B4D7422B44E}.Release|Any CPU.ActiveCfg = Release|Any CPU
		{A306F116-001A-4F5D-B655-8B4D7422B44E}.Release|Any CPU.Build.0 = Release|Any CPU
	EndGlobalSection
	GlobalSection(SolutionProperties) = preSolution
		HideSolutionNode = FALSE
	EndGlobalSection
	GlobalSection(ExtensibilityGlobals) = postSolution
		SolutionGuid = {615A3BD5-C699-4075-BF92-C08352A996CE}
	EndGlobalSection
EndGlobal
